github.com/jasric89/headfirstgo/Chapter5/datafile v0.0.0-20230729120942-314cc2d9cd00 h1:uR+JK+0dih5MgQ7MCyMsMkRjmHZKifqyK5scwlRsopg=
github.com/jasric89/headfirstgo/Chapter5/datafile v0.0.0-20230729120942-314cc2d9cd00/go.mod h1:vUvdLmIaneYi1E3VvDk1ZKDPQjPpB9hthQgLIUyFuY4=
github.com/jasric89/headfirstgo/Chapter5/datafile v0.0.0-20230729121645-629899b5aae5 h1:tdsSS3pPidJNMIGC5/ccXWAFDe76sxBeko30xQdVYJo=
github.com/jasric89/headfirstgo/Chapter5/datafile v0.0.0-20230729121645-629899b5aae5/go.mod h1:vUvdLmIaneYi1E3VvDk1ZKDPQjPpB9hthQgLIUyFuY4=
